# @generated by Move, please check-in and do not edit manually.

[move]
version = 3
manifest_digest = "FDB7A57412F39479C162B4CAF9B0AAB6A2709079D4C57C80E2A5D22504EABEBC"
deps_digest = "F8BBB0CCB2491CA29A3DF03D6F92277A4F3574266507ACD77214D37ECA3F3082"
dependencies = [
  { id = "Sui", name = "Sui" },
]

[[move.package]]
id = "MoveStdlib"
source = { git = "https://github.com/MystenLabs/sui.git", rev = "framework/testnet", subdir = "crates/sui-framework/packages/move-stdlib" }

[[move.package]]
id = "Sui"
source = { git = "https://github.com/MystenLabs/sui.git", rev = "framework/testnet", subdir = "crates/sui-framework/packages/sui-framework" }

dependencies = [
  { id = "MoveStdlib", name = "MoveStdlib" },
]

[move.toolchain-version]
compiler-version = "1.41.0"
edition = "2024.beta"
flavor = "sui"

[env]

[env.localnet]
chain-id = "ca3d55d0"
original-published-id = "0xf878ba43596e761d846ba1de2280f1107aeb2eacdeadf4e54b25dcdf02013c49"
latest-published-id = "0xf878ba43596e761d846ba1de2280f1107aeb2eacdeadf4e54b25dcdf02013c49"
published-version = "1"

[env.testnet]
chain-id = "4c78adac"
original-published-id = "0x8c7a5450aaaebc5daceecd5be07bd7fb944434bdd131896179197b4e23895bf5"
latest-published-id = "0x8c7a5450aaaebc5daceecd5be07bd7fb944434bdd131896179197b4e23895bf5"
published-version = "1"
